// !$*UTF8*$!
{
	archiveVersion = 1;
	classes = {
	};
	objectVersion = 46;
	objects = {

/* Begin PBXBuildFile section */
		A2405B6B1D86CF8E00868D10 /* AppDelegate.swift in Sources */ = {isa = PBXBuildFile; fileRef = A2405B6A1D86CF8E00868D10 /* AppDelegate.swift */; };
		A2405B6D1D86CF8E00868D10 /* ViewController.swift in Sources */ = {isa = PBXBuildFile; fileRef = A2405B6C1D86CF8E00868D10 /* ViewController.swift */; };
		A2405B701D86CF8E00868D10 /* Main.storyboard in Resources */ = {isa = PBXBuildFile; fileRef = A2405B6E1D86CF8E00868D10 /* Main.storyboard */; };
		A2405B721D86CF8E00868D10 /* Assets.xcassets in Resources */ = {isa = PBXBuildFile; fileRef = A2405B711D86CF8E00868D10 /* Assets.xcassets */; };
		A2405B751D86CF8E00868D10 /* LaunchScreen.storyboard in Resources */ = {isa = PBXBuildFile; fileRef = A2405B731D86CF8E00868D10 /* LaunchScreen.storyboard */; };
		A2405B801D86CF8F00868D10 /* SCPopDatePickerTests.swift in Sources */ = {isa = PBXBuildFile; fileRef = A2405B7F1D86CF8F00868D10 /* SCPopDatePickerTests.swift */; };
		A2405B8B1D86CF8F00868D10 /* SCPopDatePickerUITests.swift in Sources */ = {isa = PBXBuildFile; fileRef = A2405B8A1D86CF8F00868D10 /* SCPopDatePickerUITests.swift */; };
		A2405B9A1D86CFAE00868D10 /* SCPopDatePicker.swift in Sources */ = {isa = PBXBuildFile; fileRef = A2405B991D86CFAE00868D10 /* SCPopDatePicker.swift */; };
/* End PBXBuildFile section */

/* Begin PBXContainerItemProxy section */
		A2405B7C1D86CF8F00868D10 /* PBXContainerItemProxy */ = {
			isa = PBXContainerItemProxy;
			containerPortal = A2405B5F1D86CF8E00868D10 /* Project object */;
			proxyType = 1;
			remoteGlobalIDString = A2405B661D86CF8E00868D10;
			remoteInfo = SCPopDatePicker;
		};
		A2405B871D86CF8F00868D10 /* PBXContainerItemProxy */ = {
			isa = PBXContainerItemProxy;
			containerPortal = A2405B5F1D86CF8E00868D10 /* Project object */;
			proxyType = 1;
			remoteGlobalIDString = A2405B661D86CF8E00868D10;
			remoteInfo = SCPopDatePicker;
		};
/* End PBXContainerItemProxy section */

/* Begin PBXFileReference section */
		A2405B671D86CF8E00868D10 /* SCPopDatePicker.app */ = {isa = PBXFileReference; explicitFileType = wrapper.application; includeInIndex = 0; path = SCPopDatePicker.app; sourceTree = BUILT_PRODUCTS_DIR; };
		A2405B6A1D86CF8E00868D10 /* AppDelegate.swift */ = {isa = PBXFileReference; lastKnownFileType = sourcecode.swift; path = AppDelegate.swift; sourceTree = "<group>"; };
		A2405B6C1D86CF8E00868D10 /* ViewController.swift */ = {isa = PBXFileReference; lastKnownFileType = sourcecode.swift; path = ViewController.swift; sourceTree = "<group>"; };
		A2405B6F1D86CF8E00868D10 /* Base */ = {isa = PBXFileReference; lastKnownFileType = file.storyboard; name = Base; path = Base.lproj/Main.storyboard; sourceTree = "<group>"; };
		A2405B711D86CF8E00868D10 /* Assets.xcassets */ = {isa = PBXFileReference; lastKnownFileType = folder.assetcatalog; path = Assets.xcassets; sourceTree = "<group>"; };
		A2405B741D86CF8E00868D10 /* Base */ = {isa = PBXFileReference; lastKnownFileType = file.storyboard; name = Base; path = Base.lproj/LaunchScreen.storyboard; sourceTree = "<group>"; };
		A2405B761D86CF8E00868D10 /* Info.plist */ = {isa = PBXFileReference; lastKnownFileType = text.plist.xml; path = Info.plist; sourceTree = "<group>"; };
		A2405B7B1D86CF8F00868D10 /* SCPopDatePickerTests.xctest */ = {isa = PBXFileReference; explicitFileType = wrapper.cfbundle; includeInIndex = 0; path = SCPopDatePickerTests.xctest; sourceTree = BUILT_PRODUCTS_DIR; };
		A2405B7F1D86CF8F00868D10 /* SCPopDatePickerTests.swift */ = {isa = PBXFileReference; lastKnownFileType = sourcecode.swift; path = SCPopDatePickerTests.swift; sourceTree = "<group>"; };
		A2405B811D86CF8F00868D10 /* Info.plist */ = {isa = PBXFileReference; lastKnownFileType = text.plist.xml; path = Info.plist; sourceTree = "<group>"; };
		A2405B861D86CF8F00868D10 /* SCPopDatePickerUITests.xctest */ = {isa = PBXFileReference; explicitFileType = wrapper.cfbundle; includeInIndex = 0; path = SCPopDatePickerUITests.xctest; sourceTree = BUILT_PRODUCTS_DIR; };
		A2405B8A1D86CF8F00868D10 /* SCPopDatePickerUITests.swift */ = {isa = PBXFileReference; lastKnownFileType = sourcecode.swift; path = SCPopDatePickerUITests.swift; sourceTree = "<group>"; };
		A2405B8C1D86CF8F00868D10 /* Info.plist */ = {isa = PBXFileReference; lastKnownFileType = text.plist.xml; path = Info.plist; sourceTree = "<group>"; };
		A2405B991D86CFAE00868D10 /* SCPopDatePicker.swift */ = {isa = PBXFileReference; fileEncoding = 4; lastKnownFileType = sourcecode.swift; path = SCPopDatePicker.swift; sourceTree = "<group>"; };
/* End PBXFileReference section */

/* Begin PBXFrameworksBuildPhase section */
		A2405B641D86CF8E00868D10 /* Frameworks */ = {
			isa = PBXFrameworksBuildPhase;
			buildActionMask = 2147483647;
			files = (
			);
			runOnlyForDeploymentPostprocessing = 0;
		};
		A2405B781D86CF8F00868D10 /* Frameworks */ = {
			isa = PBXFrameworksBuildPhase;
			buildActionMask = 2147483647;
			files = (
			);
			runOnlyForDeploymentPostprocessing = 0;
		};
		A2405B831D86CF8F00868D10 /* Frameworks */ = {
			isa = PBXFrameworksBuildPhase;
			buildActionMask = 2147483647;
			files = (
			);
			runOnlyForDeploymentPostprocessing = 0;
		};
/* End PBXFrameworksBuildPhase section */

/* Begin PBXGroup section */
		A2405B5E1D86CF8E00868D10 = {
			isa = PBXGroup;
			children = (
				A2405B691D86CF8E00868D10 /* SCPopDatePicker */,
				A2405B7E1D86CF8F00868D10 /* SCPopDatePickerTests */,
				A2405B891D86CF8F00868D10 /* SCPopDatePickerUITests */,
				A2405B681D86CF8E00868D10 /* Products */,
			);
			sourceTree = "<group>";
		};
		A2405B681D86CF8E00868D10 /* Products */ = {
			isa = PBXGroup;
			children = (
				A2405B671D86CF8E00868D10 /* SCPopDatePicker.app */,
				A2405B7B1D86CF8F00868D10 /* SCPopDatePickerTests.xctest */,
				A2405B861D86CF8F00868D10 /* SCPopDatePickerUITests.xctest */,
			);
			name = Products;
			sourceTree = "<group>";
		};
		A2405B691D86CF8E00868D10 /* SCPopDatePicker */ = {
			isa = PBXGroup;
			children = (
				A2405B981D86CF9400868D10 /* Source */,
				A2405B6A1D86CF8E00868D10 /* AppDelegate.swift */,
				A2405B6C1D86CF8E00868D10 /* ViewController.swift */,
				A2405B6E1D86CF8E00868D10 /* Main.storyboard */,
				A2405B711D86CF8E00868D10 /* Assets.xcassets */,
				A2405B731D86CF8E00868D10 /* LaunchScreen.storyboard */,
				A2405B761D86CF8E00868D10 /* Info.plist */,
			);
			path = SCPopDatePicker;
			sourceTree = "<group>";
		};
		A2405B7E1D86CF8F00868D10 /* SCPopDatePickerTests */ = {
			isa = PBXGroup;
			children = (
				A2405B7F1D86CF8F00868D10 /* SCPopDatePickerTests.swift */,
				A2405B811D86CF8F00868D10 /* Info.plist */,
			);
			path = SCPopDatePickerTests;
			sourceTree = "<group>";
		};
		A2405B891D86CF8F00868D10 /* SCPopDatePickerUITests */ = {
			isa = PBXGroup;
			children = (
				A2405B8A1D86CF8F00868D10 /* SCPopDatePickerUITests.swift */,
				A2405B8C1D86CF8F00868D10 /* Info.plist */,
			);
			path = SCPopDatePickerUITests;
			sourceTree = "<group>";
		};
		A2405B981D86CF9400868D10 /* Source */ = {
			isa = PBXGroup;
			children = (
				A2405B991D86CFAE00868D10 /* SCPopDatePicker.swift */,
			);
			name = Source;
			sourceTree = "<group>";
		};
/* End PBXGroup section */

/* Begin PBXNativeTarget section */
		A2405B661D86CF8E00868D10 /* SCPopDatePicker */ = {
			isa = PBXNativeTarget;
			buildConfigurationList = A2405B8F1D86CF8F00868D10 /* Build configuration list for PBXNativeTarget "SCPopDatePicker" */;
			buildPhases = (
				A2405B631D86CF8E00868D10 /* Sources */,
				A2405B641D86CF8E00868D10 /* Frameworks */,
				A2405B651D86CF8E00868D10 /* Resources */,
			);
			buildRules = (
			);
			dependencies = (
			);
			name = SCPopDatePicker;
			productName = SCPopDatePicker;
			productReference = A2405B671D86CF8E00868D10 /* SCPopDatePicker.app */;
			productType = "com.apple.product-type.application";
		};
		A2405B7A1D86CF8F00868D10 /* SCPopDatePickerTests */ = {
			isa = PBXNativeTarget;
			buildConfigurationList = A2405B921D86CF8F00868D10 /* Build configuration list for PBXNativeTarget "SCPopDatePickerTests" */;
			buildPhases = (
				A2405B771D86CF8F00868D10 /* Sources */,
				A2405B781D86CF8F00868D10 /* Frameworks */,
				A2405B791D86CF8F00868D10 /* Resources */,
			);
			buildRules = (
			);
			dependencies = (
				A2405B7D1D86CF8F00868D10 /* PBXTargetDependency */,
			);
			name = SCPopDatePickerTests;
			productName = SCPopDatePickerTests;
			productReference = A2405B7B1D86CF8F00868D10 /* SCPopDatePickerTests.xctest */;
			productType = "com.apple.product-type.bundle.unit-test";
		};
		A2405B851D86CF8F00868D10 /* SCPopDatePickerUITests */ = {
			isa = PBXNativeTarget;
			buildConfigurationList = A2405B951D86CF8F00868D10 /* Build configuration list for PBXNativeTarget "SCPopDatePickerUITests" */;
			buildPhases = (
				A2405B821D86CF8F00868D10 /* Sources */,
				A2405B831D86CF8F00868D10 /* Frameworks */,
				A2405B841D86CF8F00868D10 /* Resources */,
			);
			buildRules = (
			);
			dependencies = (
				A2405B881D86CF8F00868D10 /* PBXTargetDependency */,
			);
			name = SCPopDatePickerUITests;
			productName = SCPopDatePickerUITests;
			productReference = A2405B861D86CF8F00868D10 /* SCPopDatePickerUITests.xctest */;
			productType = "com.apple.product-type.bundle.ui-testing";
		};
/* End PBXNativeTarget section */

/* Begin PBXProject section */
		A2405B5F1D86CF8E00868D10 /* Project object */ = {
			isa = PBXProject;
			attributes = {
				LastSwiftUpdateCheck = 0730;
				LastUpgradeCheck = 0730;
				ORGANIZATIONNAME = "Stewart Crainie";
				TargetAttributes = {
					A2405B661D86CF8E00868D10 = {
						CreatedOnToolsVersion = 7.3.1;
					};
					A2405B7A1D86CF8F00868D10 = {
						CreatedOnToolsVersion = 7.3.1;
						TestTargetID = A2405B661D86CF8E00868D10;
					};
					A2405B851D86CF8F00868D10 = {
						CreatedOnToolsVersion = 7.3.1;
						TestTargetID = A2405B661D86CF8E00868D10;
					};
				};
			};
			buildConfigurationList = A2405B621D86CF8E00868D10 /* Build configuration list for PBXProject "SCPopDatePicker" */;
			compatibilityVersion = "Xcode 3.2";
			developmentRegion = English;
			hasScannedForEncodings = 0;
			knownRegions = (
				en,
				Base,
			);
			mainGroup = A2405B5E1D86CF8E00868D10;
			productRefGroup = A2405B681D86CF8E00868D10 /* Products */;
			projectDirPath = "";
			projectRoot = "";
			targets = (
				A2405B661D86CF8E00868D10 /* SCPopDatePicker */,
				A2405B7A1D86CF8F00868D10 /* SCPopDatePickerTests */,
				A2405B851D86CF8F00868D10 /* SCPopDatePickerUITests */,
			);
		};
/* End PBXProject section */

/* Begin PBXResourcesBuildPhase section */
		A2405B651D86CF8E00868D10 /* Resources */ = {
			isa = PBXResourcesBuildPhase;
			buildActionMask = 2147483647;
			files = (
				A2405B751D86CF8E00868D10 /* LaunchScreen.storyboard in Resources */,
				A2405B721D86CF8E00868D10 /* Assets.xcassets in Resources */,
				A2405B701D86CF8E00868D10 /* Main.storyboard in Resources */,
			);
			runOnlyForDeploymentPostprocessing = 0;
		};
		A2405B791D86CF8F00868D10 /* Resources */ = {
			isa = PBXResourcesBuildPhase;
			buildActionMask = 2147483647;
			files = (
			);
			runOnlyForDeploymentPostprocessing = 0;
		};
		A2405B841D86CF8F00868D10 /* Resources */ = {
			isa = PBXResourcesBuildPhase;
			buildActionMask = 2147483647;
			files = (
			);
			runOnlyForDeploymentPostprocessing = 0;
		};
/* End PBXResourcesBuildPhase section */

/* Begin PBXSourcesBuildPhase section */
		A2405B631D86CF8E00868D10 /* Sources */ = {
			isa = PBXSourcesBuildPhase;
			buildActionMask = 2147483647;
			files = (
				A2405B6D1D86CF8E00868D10 /* ViewController.swift in Sources */,
				A2405B6B1D86CF8E00868D10 /* AppDelegate.swift in Sources */,
				A2405B9A1D86CFAE00868D10 /* SCPopDatePicker.swift in Sources */,
			);
			runOnlyForDeploymentPostprocessing = 0;
		};
		A2405B771D86CF8F00868D10 /* Sources */ = {
			isa = PBXSourcesBuildPhase;
			buildActionMask = 2147483647;
			files = (
				A2405B801D86CF8F00868D10 /* SCPopDatePickerTests.swift in Sources */,
			);
			runOnlyForDeploymentPostprocessing = 0;
		};
		A2405B821D86CF8F00868D10 /* Sources */ = {
			isa = PBXSourcesBuildPhase;
			buildActionMask = 2147483647;
			files = (
				A2405B8B1D86CF8F00868D10 /* SCPopDatePickerUITests.swift in Sources */,
			);
			runOnlyForDeploymentPostprocessing = 0;
		};
/* End PBXSourcesBuildPhase section */

/* Begin PBXTargetDependency section */
		A2405B7D1D86CF8F00868D10 /* PBXTargetDependency */ = {
			isa = PBXTargetDependency;
			target = A2405B661D86CF8E00868D10 /* SCPopDatePicker */;
			targetProxy = A2405B7C1D86CF8F00868D10 /* PBXContainerItemProxy */;
		};
		A2405B881D86CF8F00868D10 /* PBXTargetDependency */ = {
			isa = PBXTargetDependency;
			target = A2405B661D86CF8E00868D10 /* SCPopDatePicker */;
			targetProxy = A2405B871D86CF8F00868D10 /* PBXContainerItemProxy */;
		};
/* End PBXTargetDependency section */

/* Begin PBXVariantGroup section */
		A2405B6E1D86CF8E00868D10 /* Main.storyboard */ = {
			isa = PBXVariantGroup;
			children = (
				A2405B6F1D86CF8E00868D10 /* Base */,
			);
			name = Main.storyboard;
			sourceTree = "<group>";
		};
		A2405B731D86CF8E00868D10 /* LaunchScreen.storyboard */ = {
			isa = PBXVariantGroup;
			children = (
				A2405B741D86CF8E00868D10 /* Base */,
			);
			name = LaunchScreen.storyboard;
			sourceTree = "<group>";
		};
/* End PBXVariantGroup section */

/* Begin XCBuildConfiguration section */
		A2405B8D1D86CF8F00868D10 /* Debug */ = {
			isa = XCBuildConfiguration;
			buildSettings = {
				ALWAYS_SEARCH_USER_PATHS = NO;
				CLANG_ANALYZER_NONNULL = YES;
				CLANG_CXX_LANGUAGE_STANDARD = "gnu++0x";
				CLANG_CXX_LIBRARY = "libc++";
				CLANG_ENABLE_MODULES = YES;
				CLANG_ENABLE_OBJC_ARC = YES;
				CLANG_WARN_BOOL_CONVERSION = YES;
				CLANG_WARN_CONSTANT_CONVERSION = YES;
				CLANG_WARN_DIRECT_OBJC_ISA_USAGE = YES_ERROR;
				CLANG_WARN_EMPTY_BODY = YES;
				CLANG_WARN_ENUM_CONVERSION = YES;
				CLANG_WARN_INT_CONVERSION = YES;
				CLANG_WARN_OBJC_ROOT_CLASS = YES_ERROR;
				CLANG_WARN_UNREACHABLE_CODE = YES;
				CLANG_WARN__DUPLICATE_METHOD_MATCH = YES;
				"CODE_SIGN_IDENTITY[sdk=iphoneos*]" = "iPhone Developer";
				COPY_PHASE_STRIP = NO;
				DEBUG_INFORMATION_FORMAT = dwarf;
				ENABLE_STRICT_OBJC_MSGSEND = YES;
				ENABLE_TESTABILITY = YES;
				GCC_C_LANGUAGE_STANDARD = gnu99;
				GCC_DYNAMIC_NO_PIC = NO;
				GCC_NO_COMMON_BLOCKS = YES;
				GCC_OPTIMIZATION_LEVEL = 0;
				GCC_PREPROCESSOR_DEFINITIONS = (
					"DEBUG=1",
					"$(inherited)",
				);
				GCC_WARN_64_TO_32_BIT_CONVERSION = YES;
				GCC_WARN_ABOUT_RETURN_TYPE = YES_ERROR;
				GCC_WARN_UNDECLARED_SELECTOR = YES;
				GCC_WARN_UNINITIALIZED_AUTOS = YES_AGGRESSIVE;
				GCC_WARN_UNUSED_FUNCTION = YES;
				GCC_WARN_UNUSED_VARIABLE = YES;
				IPHONEOS_DEPLOYMENT_TARGET = 9.3;
				MTL_ENABLE_DEBUG_INFO = YES;
				ONLY_ACTIVE_ARCH = YES;
				SDKROOT = iphoneos;
				SWIFT_OPTIMIZATION_LEVEL = "-Onone";
			};
			name = Debug;
		};
		A2405B8E1D86CF8F00868D10 /* Release */ = {
			isa = XCBuildConfiguration;
			buildSettings = {
				ALWAYS_SEARCH_USER_PATHS = NO;
				CLANG_ANALYZER_NONNULL = YES;
				CLANG_CXX_LANGUAGE_STANDARD = "gnu++0x";
				CLANG_CXX_LIBRARY = "libc++";
				CLANG_ENABLE_MODULES = YES;
				CLANG_ENABLE_OBJC_ARC = YES;
				CLANG_WARN_BOOL_CONVERSION = YES;
				CLANG_WARN_CONSTANT_CONVERSION = YES;
				CLANG_WARN_DIRECT_OBJC_ISA_USAGE = YES_ERROR;
				CLANG_WARN_EMPTY_BODY = YES;
				CLANG_WARN_ENUM_CONVERSION = YES;
				CLANG_WARN_INT_CONVERSION = YES;
				CLANG_WARN_OBJC_ROOT_CLASS = YES_ERROR;
				CLANG_WARN_UNREACHABLE_CODE = YES;
				CLANG_WARN__DUPLICATE_METHOD_MATCH = YES;
				"CODE_SIGN_IDENTITY[sdk=iphoneos*]" = "iPhone Developer";
				COPY_PHASE_STRIP = NO;
				DEBUG_INFORMATION_FORMAT = "dwarf-with-dsym";
				ENABLE_NS_ASSERTIONS = NO;
				ENABLE_STRICT_OBJC_MSGSEND = YES;
				GCC_C_LANGUAGE_STANDARD = gnu99;
				GCC_NO_COMMON_BLOCKS = YES;
				GCC_WARN_64_TO_32_BIT_CONVERSION = YES;
				GCC_WARN_ABOUT_RETURN_TYPE = YES_ERROR;
				GCC_WARN_UNDECLARED_SELECTOR = YES;
				GCC_WARN_UNINITIALIZED_AUTOS = YES_AGGRESSIVE;
				GCC_WARN_UNUSED_FUNCTION = YES;
				GCC_WARN_UNUSED_VARIABLE = YES;
				IPHONEOS_DEPLOYMENT_TARGET = 9.3;
				MTL_ENABLE_DEBUG_INFO = NO;
				SDKROOT = iphoneos;
				VALIDATE_PRODUCT = YES;
			};
			name = Release;
		};
		A2405B901D86CF8F00868D10 /* Debug */ = {
			isa = XCBuildConfiguration;
			buildSettings = {
				ASSETCATALOG_COMPILER_APPICON_NAME = AppIcon;
				INFOPLIST_FILE = SCPopDatePicker/Info.plist;
				LD_RUNPATH_SEARCH_PATHS = "$(inherited) @executable_path/Frameworks";
				PRODUCT_BUNDLE_IDENTIFIER = "Stewart-Crainie.SCPopDatePicker";
				PRODUCT_NAME = "$(TARGET_NAME)";
			};
			name = Debug;
		};
		A2405B911D86CF8F00868D10 /* Release */ = {
			isa = XCBuildConfiguration;
			buildSettings = {
				ASSETCATALOG_COMPILER_APPICON_NAME = AppIcon;
				INFOPLIST_FILE = SCPopDatePicker/Info.plist;
				LD_RUNPATH_SEARCH_PATHS = "$(inherited) @executable_path/Frameworks";
				PRODUCT_BUNDLE_IDENTIFIER = "Stewart-Crainie.SCPopDatePicker";
				PRODUCT_NAME = "$(TARGET_NAME)";
			};
			name = Release;
		};
		A2405B931D86CF8F00868D10 /* Debug */ = {
			isa = XCBuildConfiguration;
			buildSettings = {
				BUNDLE_LOADER = "$(TEST_HOST)";
				INFOPLIST_FILE = SCPopDatePickerTests/Info.plist;
				LD_RUNPATH_SEARCH_PATHS = "$(inherited) @executable_path/Frameworks @loader_path/Frameworks";
				PRODUCT_BUNDLE_IDENTIFIER = "Stewart-Crainie.SCPopDatePickerTests";
				PRODUCT_NAME = "$(TARGET_NAME)";
				TEST_HOST = "$(BUILT_PRODUCTS_DIR)/SCPopDatePicker.app/SCPopDatePicker";
			};
			name = Debug;
		};
		A2405B941D86CF8F00868D10 /* Release */ = {
			isa = XCBuildConfiguration;
			buildSettings = {
				BUNDLE_LOADER = "$(TEST_HOST)";
				INFOPLIST_FILE = SCPopDatePickerTests/Info.plist;
				LD_RUNPATH_SEARCH_PATHS = "$(inherited) @executable_path/Frameworks @loader_path/Frameworks";
				PRODUCT_BUNDLE_IDENTIFIER = "Stewart-Crainie.SCPopDatePickerTests";
				PRODUCT_NAME = "$(TARGET_NAME)";
				TEST_HOST = "$(BUILT_PRODUCTS_DIR)/SCPopDatePicker.app/SCPopDatePicker";
			};
			name = Release;
		};
		A2405B961D86CF8F00868D10 /* Debug */ = {
			isa = XCBuildConfiguration;
			buildSettings = {
				INFOPLIST_FILE = SCPopDatePickerUITests/Info.plist;
				LD_RUNPATH_SEARCH_PATHS = "$(inherited) @executable_path/Frameworks @loader_path/Frameworks";
				PRODUCT_BUNDLE_IDENTIFIER = "Stewart-Crainie.SCPopDatePickerUITests";
				PRODUCT_NAME = "$(TARGET_NAME)";
				TEST_TARGET_NAME = SCPopDatePicker;
			};
			name = Debug;
		};
		A2405B971D86CF8F00868D10 /* Release */ = {
			isa = XCBuildConfiguration;
			buildSettings = {
				INFOPLIST_FILE = SCPopDatePickerUITests/Info.plist;
				LD_RUNPATH_SEARCH_PATHS = "$(inherited) @executable_path/Frameworks @loader_path/Frameworks";
				PRODUCT_BUNDLE_IDENTIFIER = "Stewart-Crainie.SCPopDatePickerUITests";
				PRODUCT_NAME = "$(TARGET_NAME)";
				TEST_TARGET_NAME = SCPopDatePicker;
			};
			name = Release;
		};
/* End XCBuildConfiguration section */

/* Begin XCConfigurationList section */
		A2405B621D86CF8E00868D10 /* Build configuration list for PBXProject "SCPopDatePicker" */ = {
			isa = XCConfigurationList;
			buildConfigurations = (
				A2405B8D1D86CF8F00868D10 /* Debug */,
				A2405B8E1D86CF8F00868D10 /* Release */,
			);
			defaultConfigurationIsVisible = 0;
			defaultConfigurationName = Release;
		};
		A2405B8F1D86CF8F00868D10 /* Build configuration list for PBXNativeTarget "SCPopDatePicker" */ = {
			isa = XCConfigurationList;
			buildConfigurations = (
				A2405B901D86CF8F00868D10 /* Debug */,
				A2405B911D86CF8F00868D10 /* Release */,
			);
			defaultConfigurationIsVisible = 0;
		};
		A2405B921D86CF8F00868D10 /* Build configuration list for PBXNativeTarget "SCPopDatePickerTests" */ = {
			isa = XCConfigurationList;
			buildConfigurations = (
				A2405B931D86CF8F00868D10 /* Debug */,
				A2405B941D86CF8F00868D10 /* Release */,
			);
			defaultConfigurationIsVisible = 0;
		};
		A2405B951D86CF8F00868D10 /* Build configuration list for PBXNativeTarget "SCPopDatePickerUITests" */ = {
			isa = XCConfigurationList;
			buildConfigurations = (
				A2405B961D86CF8F00868D10 /* Debug */,
				A2405B971D86CF8F00868D10 /* Release */,
			);
			defaultConfigurationIsVisible = 0;
		};
/* End XCConfigurationList section */
	};
	rootObject = A2405B5F1D86CF8E00868D10 /* Project object */;
}
